{
  "version": 4,
  "terraform_version": "1.1.0",
  "serial": 16,
  "lineage": "1e20f25f-8283-1e4a-6571-1c0d1604edd8",
  "outputs": {
    "ip": {
      "value": "18.234.187.220",
      "type": "string"
    }
  },
  "resources": [
    {
      "mode": "data",
      "type": "template_file",
      "name": "userdata_win",
      "provider": "provider[\"registry.terraform.io/hashicorp/template\"]",
      "instances": [
        {
          "schema_version": 0,
          "attributes": {
            "filename": null,
            "id": "6a92ff689568342250fe17affc4861e6f3a76e3589661c87325d0827791f087f",
            "rendered": "\u003cscript\u003e\necho \"\" \u003e _INIT_STARTED_\nnet user admin /add /y\nnet user admin passwd12345+\nnet localgroup administrators admin /add\necho  \u003e tmp2.b64 \u0026\u0026 certutil -decode tmp2.b64 C:/test.txt\necho \"\" \u003e _INIT_COMPLETE_\n\u003c/script\u003e\n\u003cpersist\u003efalse\u003c/persist\u003e\n",
            "template": "\u003cscript\u003e\necho \"\" \u003e _INIT_STARTED_\nnet user admin /add /y\nnet user admin passwd12345+\nnet localgroup administrators admin /add\necho  \u003e tmp2.b64 \u0026\u0026 certutil -decode tmp2.b64 C:/test.txt\necho \"\" \u003e _INIT_COMPLETE_\n\u003c/script\u003e\n\u003cpersist\u003efalse\u003c/persist\u003e\n",
            "vars": null
          },
          "sensitive_attributes": []
        }
      ]
    },
    {
      "mode": "managed",
      "type": "aws_instance",
      "name": "win-example",
      "provider": "provider[\"registry.terraform.io/hashicorp/aws\"]",
      "instances": [
        {
          "schema_version": 1,
          "attributes": {
            "ami": "ami-0b17e49efb8d755c3",
            "arn": "arn:aws:ec2:us-east-1:532581397430:instance/i-0e16531da311bccdb",
            "associate_public_ip_address": true,
            "availability_zone": "us-east-1b",
            "capacity_reservation_specification": [
              {
                "capacity_reservation_preference": "open",
                "capacity_reservation_target": []
              }
            ],
            "cpu_core_count": 1,
            "cpu_threads_per_core": 1,
            "credit_specification": [
              {
                "cpu_credits": "standard"
              }
            ],
            "disable_api_termination": false,
            "ebs_block_device": [],
            "ebs_optimized": false,
            "enclave_options": [
              {
                "enabled": false
              }
            ],
            "ephemeral_block_device": [],
            "get_password_data": false,
            "hibernation": false,
            "host_id": null,
            "iam_instance_profile": "",
            "id": "i-0e16531da311bccdb",
            "instance_initiated_shutdown_behavior": "stop",
            "instance_state": "running",
            "instance_type": "t2.micro",
            "ipv6_address_count": 0,
            "ipv6_addresses": [],
            "key_name": "mykey",
            "launch_template": [],
            "metadata_options": [
              {
                "http_endpoint": "enabled",
                "http_put_response_hop_limit": 1,
                "http_tokens": "optional"
              }
            ],
            "monitoring": false,
            "network_interface": [],
            "outpost_arn": "",
            "password_data": "",
            "placement_group": "",
            "placement_partition_number": null,
            "primary_network_interface_id": "eni-0b7ffa68730045771",
            "private_dns": "ip-172-31-81-210.ec2.internal",
            "private_ip": "172.31.81.210",
            "public_dns": "ec2-18-234-187-220.compute-1.amazonaws.com",
            "public_ip": "18.234.187.220",
            "root_block_device": [
              {
                "delete_on_termination": true,
                "device_name": "/dev/sda1",
                "encrypted": false,
                "iops": 100,
                "kms_key_id": "",
                "tags": {},
                "throughput": 0,
                "volume_id": "vol-02ae0907af95f645e",
                "volume_size": 30,
                "volume_type": "gp2"
              }
            ],
            "secondary_private_ips": [],
            "security_groups": [
              "allow-all"
            ],
            "source_dest_check": true,
            "subnet_id": "subnet-0e03c67ed53a2ec61",
            "tags": {
              "Name": "Windows_Server"
            },
            "tags_all": {
              "Name": "Windows_Server"
            },
            "tenancy": "default",
            "timeouts": null,
            "user_data": "8afac69460df278e731077bfb6392881ec9d5692",
            "user_data_base64": null,
            "volume_tags": null,
            "vpc_security_group_ids": [
              "sg-02971887417009cb1"
            ]
          },
          "sensitive_attributes": [],
          "private": "eyJlMmJmYjczMC1lY2FhLTExZTYtOGY4OC0zNDM2M2JjN2M0YzAiOnsiY3JlYXRlIjo2MDAwMDAwMDAwMDAsImRlbGV0ZSI6MTIwMDAwMDAwMDAwMCwidXBkYXRlIjo2MDAwMDAwMDAwMDB9LCJzY2hlbWFfdmVyc2lvbiI6IjEifQ==",
          "dependencies": [
            "aws_key_pair.mykey",
            "aws_security_group.allow-all",
            "data.template_file.userdata_win"
          ]
        }
      ]
    },
    {
      "mode": "managed",
      "type": "aws_key_pair",
      "name": "mykey",
      "provider": "provider[\"registry.terraform.io/hashicorp/aws\"]",
      "instances": [
        {
          "schema_version": 1,
          "attributes": {
            "arn": "arn:aws:ec2:us-east-1:532581397430:key-pair/mykey",
            "fingerprint": "ce:ec:70:53:93:00:75:b1:a4:d9:d7:60:0e:2f:9b:b8",
            "id": "mykey",
            "key_name": "mykey",
            "key_name_prefix": "",
            "key_pair_id": "key-0e6e5641f7d1903a0",
            "public_key": "ssh-rsa AAAAB3NzaC1yc2EAAAADAQABAAABgQDIQsPvoXXE9TypxqLAVr2sYaAWYuKpH586mmZ4DqjHh+bawTwyhdPQCmqnumDnoQKDy60LtRF3GbnxRqN7GjRnYvBgDt4F8HuaTF8jyrk3+h6JKTEX33tE3dT8HVeAUcTKpo249iFnsmBv+5p2ydf2Twhe4ou/2Jc6x2BfiLxALEjYad8PPdn6UPIZuxF4lE/7fqazJc5ErbQFKPdmyEMUKic0kTCWRpUe7l3QdFKXqaH+ZLDlfYRUdDWFLR8jP+qK3N6bC0tdLkT/WRlEcQ4urNJBgGVPYSpQyGXSk7EV6TUCAVQPw4jNKJKSTlY7tHGExXDrwBXV9I+gIaK41pyBUi4exUQhCzsVpcKEvYA4c3eZL53urBWOhiNqk2C9HfjOpZA9y0meXiZOgp91vqHngw0J9dzXadOCSzUrNfJ+FULa+6y6E671KSUIM3cBKWJPUBf3BwFfaJwXv/AV8uNXzaIRtEfSP/H14Z+aoH9iz5yXBUWpDSjOgC7b9ALmFWs= florian@LAPTOPFLO",
            "tags": {},
            "tags_all": {}
          },
          "sensitive_attributes": [],
          "private": "eyJzY2hlbWFfdmVyc2lvbiI6IjEifQ=="
        }
      ]
    },
    {
      "mode": "managed",
      "type": "aws_security_group",
      "name": "allow-all",
      "provider": "provider[\"registry.terraform.io/hashicorp/aws\"]",
      "instances": [
        {
          "schema_version": 1,
          "attributes": {
            "arn": "arn:aws:ec2:us-east-1:532581397430:security-group/sg-02971887417009cb1",
            "description": "Managed by Terraform",
            "egress": [
              {
                "cidr_blocks": [
                  "0.0.0.0/0"
                ],
                "description": "",
                "from_port": 0,
                "ipv6_cidr_blocks": [],
                "prefix_list_ids": [],
                "protocol": "-1",
                "security_groups": [],
                "self": false,
                "to_port": 0
              }
            ],
            "id": "sg-02971887417009cb1",
            "ingress": [
              {
                "cidr_blocks": [
                  "0.0.0.0/0"
                ],
                "description": "",
                "from_port": 0,
                "ipv6_cidr_blocks": [],
                "prefix_list_ids": [],
                "protocol": "tcp",
                "security_groups": [],
                "self": false,
                "to_port": 6556
              }
            ],
            "name": "allow-all",
            "name_prefix": "",
            "owner_id": "532581397430",
            "revoke_rules_on_delete": false,
            "tags": {
              "Name": "allow_RDP"
            },
            "tags_all": {
              "Name": "allow_RDP"
            },
            "timeouts": null,
            "vpc_id": "vpc-05a2b798e8453f0ee"
          },
          "sensitive_attributes": [],
          "private": "eyJlMmJmYjczMC1lY2FhLTExZTYtOGY4OC0zNDM2M2JjN2M0YzAiOnsiY3JlYXRlIjo2MDAwMDAwMDAwMDAsImRlbGV0ZSI6OTAwMDAwMDAwMDAwfSwic2NoZW1hX3ZlcnNpb24iOiIxIn0="
        }
      ]
    }
  ]
}
